// !$*UTF8*$!
{
	archiveVersion = 1;
	classes = {
	};
	objectVersion = 50;
	objects = {

/* Begin PBXBuildFile section */
		E266421F25E2CD4900AC4150 /* LabelMoverAppDelegate.m in Sources */ = {isa = PBXBuildFile; fileRef = E266421E25E2CD4900AC4150 /* LabelMoverAppDelegate.m */; };
		E266422525E2CD4900AC4150 /* LabelMoverViewController.m in Sources */ = {isa = PBXBuildFile; fileRef = E266422425E2CD4900AC4150 /* LabelMoverViewController.m */; };
		E266422825E2CD4900AC4150 /* Main.storyboard in Resources */ = {isa = PBXBuildFile; fileRef = E266422625E2CD4900AC4150 /* Main.storyboard */; };
		E266422A25E2CD4A00AC4150 /* Assets.xcassets in Resources */ = {isa = PBXBuildFile; fileRef = E266422925E2CD4A00AC4150 /* Assets.xcassets */; };
		E266423025E2CD4A00AC4150 /* main.m in Sources */ = {isa = PBXBuildFile; fileRef = E266422F25E2CD4A00AC4150 /* main.m */; };
		E266423925E2D23500AC4150 /* AskerViewController.m in Sources */ = {isa = PBXBuildFile; fileRef = E266423825E2D23500AC4150 /* AskerViewController.m */; };
		E266424625E2DEC300AC4150 /* AskerViewController.xib in Resources */ = {isa = PBXBuildFile; fileRef = E266424525E2DEC300AC4150 /* AskerViewController.xib */; };
/* End PBXBuildFile section */

/* Begin PBXFileReference section */
		E266421A25E2CD4900AC4150 /* LabelMover.app */ = {isa = PBXFileReference; explicitFileType = wrapper.application; includeInIndex = 0; path = LabelMover.app; sourceTree = BUILT_PRODUCTS_DIR; };
		E266421D25E2CD4900AC4150 /* LabelMoverAppDelegate.h */ = {isa = PBXFileReference; lastKnownFileType = sourcecode.c.h; path = LabelMoverAppDelegate.h; sourceTree = "<group>"; };
		E266421E25E2CD4900AC4150 /* LabelMoverAppDelegate.m */ = {isa = PBXFileReference; lastKnownFileType = sourcecode.c.objc; path = LabelMoverAppDelegate.m; sourceTree = "<group>"; };
		E266422325E2CD4900AC4150 /* LabelMoverViewController.h */ = {isa = PBXFileReference; lastKnownFileType = sourcecode.c.h; path = LabelMoverViewController.h; sourceTree = "<group>"; };
		E266422425E2CD4900AC4150 /* LabelMoverViewController.m */ = {isa = PBXFileReference; lastKnownFileType = sourcecode.c.objc; path = LabelMoverViewController.m; sourceTree = "<group>"; };
		E266422725E2CD4900AC4150 /* Base */ = {isa = PBXFileReference; lastKnownFileType = file.storyboard; name = Base; path = Base.lproj/Main.storyboard; sourceTree = "<group>"; };
		E266422925E2CD4A00AC4150 /* Assets.xcassets */ = {isa = PBXFileReference; lastKnownFileType = folder.assetcatalog; path = Assets.xcassets; sourceTree = "<group>"; };
		E266422E25E2CD4A00AC4150 /* Info.plist */ = {isa = PBXFileReference; lastKnownFileType = text.plist.xml; path = Info.plist; sourceTree = "<group>"; };
		E266422F25E2CD4A00AC4150 /* main.m */ = {isa = PBXFileReference; lastKnownFileType = sourcecode.c.objc; path = main.m; sourceTree = "<group>"; };
		E266423825E2D23500AC4150 /* AskerViewController.m */ = {isa = PBXFileReference; lastKnownFileType = sourcecode.c.objc; path = AskerViewController.m; sourceTree = "<group>"; };
		E266424425E2DEB500AC4150 /* AskerViewController.h */ = {isa = PBXFileReference; lastKnownFileType = sourcecode.c.h; path = AskerViewController.h; sourceTree = "<group>"; };
		E266424525E2DEC300AC4150 /* AskerViewController.xib */ = {isa = PBXFileReference; lastKnownFileType = file.xib; path = AskerViewController.xib; sourceTree = "<group>"; };
/* End PBXFileReference section */

/* Begin PBXFrameworksBuildPhase section */
		E266421725E2CD4900AC4150 /* Frameworks */ = {
			isa = PBXFrameworksBuildPhase;
			buildActionMask = 2147483647;
			files = (
			);
			runOnlyForDeploymentPostprocessing = 0;
		};
/* End PBXFrameworksBuildPhase section */

/* Begin PBXGroup section */
		E266421125E2CD4900AC4150 = {
			isa = PBXGroup;
			children = (
				E266421C25E2CD4900AC4150 /* LabelMover */,
				E266421B25E2CD4900AC4150 /* Products */,
			);
			sourceTree = "<group>";
		};
		E266421B25E2CD4900AC4150 /* Products */ = {
			isa = PBXGroup;
			children = (
				E266421A25E2CD4900AC4150 /* LabelMover.app */,
			);
			name = Products;
			sourceTree = "<group>";
		};
		E266421C25E2CD4900AC4150 /* LabelMover */ = {
			isa = PBXGroup;
			children = (
				E266421D25E2CD4900AC4150 /* LabelMoverAppDelegate.h */,
				E266421E25E2CD4900AC4150 /* LabelMoverAppDelegate.m */,
				E266422325E2CD4900AC4150 /* LabelMoverViewController.h */,
				E266422425E2CD4900AC4150 /* LabelMoverViewController.m */,
				E266422625E2CD4900AC4150 /* Main.storyboard */,
				E266423825E2D23500AC4150 /* AskerViewController.m */,
				E266424425E2DEB500AC4150 /* AskerViewController.h */,
				E266424525E2DEC300AC4150 /* AskerViewController.xib */,
				E266422925E2CD4A00AC4150 /* Assets.xcassets */,
				E266422E25E2CD4A00AC4150 /* Info.plist */,
				E266422F25E2CD4A00AC4150 /* main.m */,
			);
			path = LabelMover;
			sourceTree = "<group>";
		};
/* End PBXGroup section */

/* Begin PBXNativeTarget section */
		E266421925E2CD4900AC4150 /* LabelMover */ = {
			isa = PBXNativeTarget;
			buildConfigurationList = E266423325E2CD4A00AC4150 /* Build configuration list for PBXNativeTarget "LabelMover" */;
			buildPhases = (
				E266421625E2CD4900AC4150 /* Sources */,
				E266421725E2CD4900AC4150 /* Frameworks */,
				E266421825E2CD4900AC4150 /* Resources */,
			);
			buildRules = (
			);
			dependencies = (
			);
			name = LabelMover;
			productName = LabelMover;
			productReference = E266421A25E2CD4900AC4150 /* LabelMover.app */;
			productType = "com.apple.product-type.application";
		};
/* End PBXNativeTarget section */

/* Begin PBXProject section */
		E266421225E2CD4900AC4150 /* Project object */ = {
			isa = PBXProject;
			attributes = {
				LastUpgradeCheck = 1170;
				ORGANIZATIONNAME = robot;
				TargetAttributes = {
					E266421925E2CD4900AC4150 = {
						CreatedOnToolsVersion = 11.7;
					};
				};
			};
			buildConfigurationList = E266421525E2CD4900AC4150 /* Build configuration list for PBXProject "LabelMover" */;
			compatibilityVersion = "Xcode 9.3";
			developmentRegion = en;
			hasScannedForEncodings = 0;
			knownRegions = (
				en,
				Base,
			);
			mainGroup = E266421125E2CD4900AC4150;
			productRefGroup = E266421B25E2CD4900AC4150 /* Products */;
			projectDirPath = "";
			projectRoot = "";
			targets = (
				E266421925E2CD4900AC4150 /* LabelMover */,
			);
		};
/* End PBXProject section */

/* Begin PBXResourcesBuildPhase section */
		E266421825E2CD4900AC4150 /* Resources */ = {
			isa = PBXResourcesBuildPhase;
			buildActionMask = 2147483647;
			files = (
				E266422A25E2CD4A00AC4150 /* Assets.xcassets in Resources */,
				E266422825E2CD4900AC4150 /* Main.storyboard in Resources */,
				E266424625E2DEC300AC4150 /* AskerViewController.xib in Resources */,
			);
			runOnlyForDeploymentPostprocessing = 0;
		};
/* End PBXResourcesBuildPhase section */

/* Begin PBXSourcesBuildPhase section */
		E266421625E2CD4900AC4150 /* Sources */ = {
			isa = PBXSourcesBuildPhase;
			buildActionMask = 2147483647;
			files = (
				E266422525E2CD4900AC4150 /* LabelMoverViewController.m in Sources */,
				E266423925E2D23500AC4150 /* AskerViewController.m in Sources */,
				E266421F25E2CD4900AC4150 /* LabelMoverAppDelegate.m in Sources */,
				E266423025E2CD4A00AC4150 /* main.m in Sources */,
			);
			runOnlyForDeploymentPostprocessing = 0;
		};
/* End PBXSourcesBuildPhase section */

/* Begin PBXVariantGroup section */
		E266422625E2CD4900AC4150 /* Main.storyboard */ = {
			isa = PBXVariantGroup;
			children = (
				E266422725E2CD4900AC4150 /* Base */,
			);
			name = Main.storyboard;
			sourceTree = "<group>";
		};
/* End PBXVariantGroup section */

/* Begin XCBuildConfiguration section */
		E266423125E2CD4A00AC4150 /* Debug */ = {
			isa = XCBuildConfiguration;
			buildSettings = {
				ALWAYS_SEARCH_USER_PATHS = NO;
				CLANG_ANALYZER_NONNULL = YES;
				CLANG_ANALYZER_NUMBER_OBJECT_CONVERSION = YES_AGGRESSIVE;
				CLANG_CXX_LANGUAGE_STANDARD = "gnu++14";
				CLANG_CXX_LIBRARY = "libc++";
				CLANG_ENABLE_MODULES = YES;
				CLANG_ENABLE_OBJC_ARC = YES;
				CLANG_ENABLE_OBJC_WEAK = YES;
				CLANG_WARN_BLOCK_CAPTURE_AUTORELEASING = YES;
				CLANG_WARN_BOOL_CONVERSION = YES;
				CLANG_WARN_COMMA = YES;
				CLANG_WARN_CONSTANT_CONVERSION = YES;
				CLANG_WARN_DEPRECATED_OBJC_IMPLEMENTATIONS = YES;
				CLANG_WARN_DIRECT_OBJC_ISA_USAGE = YES_ERROR;
				CLANG_WARN_DOCUMENTATION_COMMENTS = YES;
				CLANG_WARN_EMPTY_BODY = YES;
				CLANG_WARN_ENUM_CONVERSION = YES;
				CLANG_WARN_INFINITE_RECURSION = YES;
				CLANG_WARN_INT_CONVERSION = YES;
				CLANG_WARN_NON_LITERAL_NULL_CONVERSION = YES;
				CLANG_WARN_OBJC_IMPLICIT_RETAIN_SELF = YES;
				CLANG_WARN_OBJC_LITERAL_CONVERSION = YES;
				CLANG_WARN_OBJC_ROOT_CLASS = YES_ERROR;
				CLANG_WARN_RANGE_LOOP_ANALYSIS = YES;
				CLANG_WARN_STRICT_PROTOTYPES = YES;
				CLANG_WARN_SUSPICIOUS_MOVE = YES;
				CLANG_WARN_UNGUARDED_AVAILABILITY = YES_AGGRESSIVE;
				CLANG_WARN_UNREACHABLE_CODE = YES;
				CLANG_WARN__DUPLICATE_METHOD_MATCH = YES;
				COPY_PHASE_STRIP = NO;
				DEBUG_INFORMATION_FORMAT = dwarf;
				ENABLE_STRICT_OBJC_MSGSEND = YES;
				ENABLE_TESTABILITY = YES;
				GCC_C_LANGUAGE_STANDARD = gnu11;
				GCC_DYNAMIC_NO_PIC = NO;
				GCC_NO_COMMON_BLOCKS = YES;
				GCC_OPTIMIZATION_LEVEL = 0;
				GCC_PREPROCESSOR_DEFINITIONS = (
					"DEBUG=1",
					"$(inherited)",
				);
				GCC_WARN_64_TO_32_BIT_CONVERSION = YES;
				GCC_WARN_ABOUT_RETURN_TYPE = YES_ERROR;
				GCC_WARN_UNDECLARED_SELECTOR = YES;
				GCC_WARN_UNINITIALIZED_AUTOS = YES_AGGRESSIVE;
				GCC_WARN_UNUSED_FUNCTION = YES;
				GCC_WARN_UNUSED_VARIABLE = YES;
				IPHONEOS_DEPLOYMENT_TARGET = 9.3;
				MTL_ENABLE_DEBUG_INFO = INCLUDE_SOURCE;
				MTL_FAST_MATH = YES;
				ONLY_ACTIVE_ARCH = YES;
				SDKROOT = iphoneos;
			};
			name = Debug;
		};
		E266423225E2CD4A00AC4150 /* Release */ = {
			isa = XCBuildConfiguration;
			buildSettings = {
				ALWAYS_SEARCH_USER_PATHS = NO;
				CLANG_ANALYZER_NONNULL = YES;
				CLANG_ANALYZER_NUMBER_OBJECT_CONVERSION = YES_AGGRESSIVE;
				CLANG_CXX_LANGUAGE_STANDARD = "gnu++14";
				CLANG_CXX_LIBRARY = "libc++";
				CLANG_ENABLE_MODULES = YES;
				CLANG_ENABLE_OBJC_ARC = YES;
				CLANG_ENABLE_OBJC_WEAK = YES;
				CLANG_WARN_BLOCK_CAPTURE_AUTORELEASING = YES;
				CLANG_WARN_BOOL_CONVERSION = YES;
				CLANG_WARN_COMMA = YES;
				CLANG_WARN_CONSTANT_CONVERSION = YES;
				CLANG_WARN_DEPRECATED_OBJC_IMPLEMENTATIONS = YES;
				CLANG_WARN_DIRECT_OBJC_ISA_USAGE = YES_ERROR;
				CLANG_WARN_DOCUMENTATION_COMMENTS = YES;
				CLANG_WARN_EMPTY_BODY = YES;
				CLANG_WARN_ENUM_CONVERSION = YES;
				CLANG_WARN_INFINITE_RECURSION = YES;
				CLANG_WARN_INT_CONVERSION = YES;
				CLANG_WARN_NON_LITERAL_NULL_CONVERSION = YES;
				CLANG_WARN_OBJC_IMPLICIT_RETAIN_SELF = YES;
				CLANG_WARN_OBJC_LITERAL_CONVERSION = YES;
				CLANG_WARN_OBJC_ROOT_CLASS = YES_ERROR;
				CLANG_WARN_RANGE_LOOP_ANALYSIS = YES;
				CLANG_WARN_STRICT_PROTOTYPES = YES;
				CLANG_WARN_SUSPICIOUS_MOVE = YES;
				CLANG_WARN_UNGUARDED_AVAILABILITY = YES_AGGRESSIVE;
				CLANG_WARN_UNREACHABLE_CODE = YES;
				CLANG_WARN__DUPLICATE_METHOD_MATCH = YES;
				COPY_PHASE_STRIP = NO;
				DEBUG_INFORMATION_FORMAT = "dwarf-with-dsym";
				ENABLE_NS_ASSERTIONS = NO;
				ENABLE_STRICT_OBJC_MSGSEND = YES;
				GCC_C_LANGUAGE_STANDARD = gnu11;
				GCC_NO_COMMON_BLOCKS = YES;
				GCC_WARN_64_TO_32_BIT_CONVERSION = YES;
				GCC_WARN_ABOUT_RETURN_TYPE = YES_ERROR;
				GCC_WARN_UNDECLARED_SELECTOR = YES;
				GCC_WARN_UNINITIALIZED_AUTOS = YES_AGGRESSIVE;
				GCC_WARN_UNUSED_FUNCTION = YES;
				GCC_WARN_UNUSED_VARIABLE = YES;
				IPHONEOS_DEPLOYMENT_TARGET = 9.3;
				MTL_ENABLE_DEBUG_INFO = NO;
				MTL_FAST_MATH = YES;
				SDKROOT = iphoneos;
				VALIDATE_PRODUCT = YES;
			};
			name = Release;
		};
		E266423425E2CD4A00AC4150 /* Debug */ = {
			isa = XCBuildConfiguration;
			buildSettings = {
				ASSETCATALOG_COMPILER_APPICON_NAME = AppIcon;
				CODE_SIGN_STYLE = Automatic;
				DEVELOPMENT_TEAM = 8T595WJ7W8;
				INFOPLIST_FILE = LabelMover/Info.plist;
				IPHONEOS_DEPLOYMENT_TARGET = 9.3;
				LD_RUNPATH_SEARCH_PATHS = (
					"$(inherited)",
					"@executable_path/Frameworks",
				);
				PRODUCT_BUNDLE_IDENTIFIER = com.alimovlex.LabelMover;
				PRODUCT_NAME = "$(TARGET_NAME)";
				TARGETED_DEVICE_FAMILY = "1,2";
			};
			name = Debug;
		};
		E266423525E2CD4A00AC4150 /* Release */ = {
			isa = XCBuildConfiguration;
			buildSettings = {
				ASSETCATALOG_COMPILER_APPICON_NAME = AppIcon;
				CODE_SIGN_STYLE = Automatic;
				DEVELOPMENT_TEAM = 8T595WJ7W8;
				INFOPLIST_FILE = LabelMover/Info.plist;
				IPHONEOS_DEPLOYMENT_TARGET = 9.3;
				LD_RUNPATH_SEARCH_PATHS = (
					"$(inherited)",
					"@executable_path/Frameworks",
				);
				PRODUCT_BUNDLE_IDENTIFIER = com.alimovlex.LabelMover;
				PRODUCT_NAME = "$(TARGET_NAME)";
				TARGETED_DEVICE_FAMILY = "1,2";
			};
			name = Release;
		};
/* End XCBuildConfiguration section */

/* Begin XCConfigurationList section */
		E266421525E2CD4900AC4150 /* Build configuration list for PBXProject "LabelMover" */ = {
			isa = XCConfigurationList;
			buildConfigurations = (
				E266423125E2CD4A00AC4150 /* Debug */,
				E266423225E2CD4A00AC4150 /* Release */,
			);
			defaultConfigurationIsVisible = 0;
			defaultConfigurationName = Release;
		};
		E266423325E2CD4A00AC4150 /* Build configuration list for PBXNativeTarget "LabelMover" */ = {
			isa = XCConfigurationList;
			buildConfigurations = (
				E266423425E2CD4A00AC4150 /* Debug */,
				E266423525E2CD4A00AC4150 /* Release */,
			);
			defaultConfigurationIsVisible = 0;
			defaultConfigurationName = Release;
		};
/* End XCConfigurationList section */
	};
	rootObject = E266421225E2CD4900AC4150 /* Project object */;
}
